{
  "requires": true,
  "lockfileVersion": 1,
  "dependencies": {
    "preact": {
      "version": "10.3.1",
      "resolved": "https://registry.npmjs.org/preact/-/preact-10.3.1.tgz",
      "integrity": "sha512-CaKtEY235GtuypRRvaMxM3PNy44OzQj8BO7plXbPwF+iJzNnUufgHtqRA6NbjeWnfy+cN1dP1MFTAGxJmCiPqQ=="
    }
  }
}
