{
  "requires": true,
  "lockfileVersion": 1,
  "dependencies": {
    "@zeit-ui/style": {
      "version": "0.9.4",
      "resolved": "https://registry.npmjs.org/@zeit-ui/style/-/style-0.9.4.tgz",
      "integrity": "sha512-WCGhcLC4Qj4XDgES33kziEVw7Q+Jcoja+JGX4a/5oSr/ZWEiWoSX0KCtpmieWbzQJ1K3LKruHSvxl7cNLEGr+w=="
    },
    "deepmerge": {
      "version": "4.2.2",
      "resolved": "https://registry.npmjs.org/deepmerge/-/deepmerge-4.2.2.tgz",
      "integrity": "sha512-FJ3UgI4gIl+PHZm53knsuSFpE+nESMr7M4v9QcgB7S63Kj/6WqMiFQJpBBYz1Pt+66bZpP3Q7Lye0Oo9MPKEdg=="
    }
  }
}
