{
    "requires": true,
    "lockfileVersion": 1,
    "dependencies": {
        "hyperapp": {
            "version": "1.2.10",
            "resolved": "https://registry.npmjs.org/hyperapp/-/hyperapp-1.2.10.tgz",
            "integrity": "sha512-6htzCy/Y9QiSXyUGgZhfTqW0NtK7uMlaGS2t/kARJifu5vR4FjMcfC/5lqVs2mLSZ6GdKLEPsMZOVBpHz5X/qg=="
        }
    }
}
