{
  "requires": true,
  "lockfileVersion": 1,
  "dependencies": {
    "solid-js": {
      "version": "0.16.7",
      "resolved": "https://registry.npmjs.org/solid-js/-/solid-js-0.16.7.tgz",
      "integrity": "sha512-05P9VHmolhFczJoJ3ewtU9EPXzu021yJ//Lan9IgH+y+cE9381oOOLeIjg7ay2wS0jnyBsIVITEUXqSsjrgbbQ=="
    }
  }
}
