{
  "requires": true,
  "lockfileVersion": 1,
  "dependencies": {
    "estree-walker": {
      "version": "0.6.1",
      "resolved": "https://registry.npmjs.org/estree-walker/-/estree-walker-0.6.1.tgz",
      "integrity": "sha512-SqmZANLWS0mnatqbSfRP5g8OXZC12Fgg1IwNtLsyHDzJizORW4khDfjPqJZsemPWBB2uqykUah5YpQ6epsqC/w=="
    },
    "require-relative": {
      "version": "0.8.7",
      "resolved": "https://registry.npmjs.org/require-relative/-/require-relative-0.8.7.tgz",
      "integrity": "sha1-eZlTn8ngR6N5KPoZb44VY9q9Nt4="
    },
    "rollup-plugin-svelte": {
      "version": "5.1.1",
      "resolved": "https://registry.npmjs.org/rollup-plugin-svelte/-/rollup-plugin-svelte-5.1.1.tgz",
      "integrity": "sha512-wP3CnKHjR4fZUgNm5Iey7eItnxwnH/nAw568WJ8dpMSchBxxZ/DmKSx8e6h8k/B6SwG1wfGvWehadFJHcuFFSw==",
      "requires": {
        "require-relative": "^0.8.7",
        "rollup-pluginutils": "^2.3.3",
        "sourcemap-codec": "^1.4.4"
      }
    },
    "rollup-pluginutils": {
      "version": "2.8.2",
      "resolved": "https://registry.npmjs.org/rollup-pluginutils/-/rollup-pluginutils-2.8.2.tgz",
      "integrity": "sha512-EEp9NhnUkwY8aif6bxgovPHMoMoNr2FulJziTndpt5H9RdwC47GSGuII9XxpSdzVGM0GWrNPHV6ie1LTNJPaLQ==",
      "requires": {
        "estree-walker": "^0.6.1"
      }
    },
    "sourcemap-codec": {
      "version": "1.4.8",
      "resolved": "https://registry.npmjs.org/sourcemap-codec/-/sourcemap-codec-1.4.8.tgz",
      "integrity": "sha512-9NykojV5Uih4lgo5So5dtw+f0JgJX30KCNI8gwhz2J9A15wD0Ml6tjHKwf6fTSa6fAdVBdZeNOs9eJ71qCk8vA=="
    },
    "svelte": {
      "version": "3.18.2",
      "resolved": "https://registry.npmjs.org/svelte/-/svelte-3.18.2.tgz",
      "integrity": "sha512-jRk7jdYULb9V4Z+0BKlfofombmdIIQph4leojrOSHzvZBRmCredz7fZsJBiUDLO6h83XYekuLbwfy5zx1i95GQ=="
    },
    "svelte-routing": {
      "version": "1.4.0",
      "resolved": "https://registry.npmjs.org/svelte-routing/-/svelte-routing-1.4.0.tgz",
      "integrity": "sha512-09ypn0/vD2PcuyZEEocUHFgi7kvLOxSoUUuJZ4j3p4Y4sT/kMIWtHIRpnLdsr8bQ+sGo77sbEkO+av6yd1RjPg=="
    }
  }
}
